// !$*UTF8*$!
{
	archiveVersion = 1;
	classes = {
	};
	objectVersion = 50;
	objects = {

/* Begin PBXBuildFile section */
		B64DEAF4265D7D6C00BA0E57 /* AppDelegate.swift in Sources */ = {isa = PBXBuildFile; fileRef = B64DEAF3265D7D6C00BA0E57 /* AppDelegate.swift */; };
		B64DEAF6265D7D6C00BA0E57 /* SceneDelegate.swift in Sources */ = {isa = PBXBuildFile; fileRef = B64DEAF5265D7D6C00BA0E57 /* SceneDelegate.swift */; };
		B64DEAF8265D7D6C00BA0E57 /* ViewController.swift in Sources */ = {isa = PBXBuildFile; fileRef = B64DEAF7265D7D6C00BA0E57 /* ViewController.swift */; };
		B64DEAFB265D7D6C00BA0E57 /* Main.storyboard in Resources */ = {isa = PBXBuildFile; fileRef = B64DEAF9265D7D6C00BA0E57 /* Main.storyboard */; };
		B64DEAFD265D7D6D00BA0E57 /* Assets.xcassets in Resources */ = {isa = PBXBuildFile; fileRef = B64DEAFC265D7D6D00BA0E57 /* Assets.xcassets */; };
		B64DEB00265D7D6D00BA0E57 /* LaunchScreen.storyboard in Resources */ = {isa = PBXBuildFile; fileRef = B64DEAFE265D7D6D00BA0E57 /* LaunchScreen.storyboard */; };
		B64DEB0A265D852400BA0E57 /* LoggedInViewController.swift in Sources */ = {isa = PBXBuildFile; fileRef = B64DEB09265D852400BA0E57 /* LoggedInViewController.swift */; };
		B6FA1C482663DB590086D237 /* ContactsViewController.swift in Sources */ = {isa = PBXBuildFile; fileRef = B6FA1C472663DB590086D237 /* ContactsViewController.swift */; };
		B6FA1C4C2663DBC10086D237 /* InterestsViewController.swift in Sources */ = {isa = PBXBuildFile; fileRef = B6FA1C4B2663DBC10086D237 /* InterestsViewController.swift */; };
		B6FA1C4E2663DEFB0086D237 /* UserData.swift in Sources */ = {isa = PBXBuildFile; fileRef = B6FA1C4D2663DEFB0086D237 /* UserData.swift */; };
		B6FA1C502663E43F0086D237 /* AboutMeViewController.swift in Sources */ = {isa = PBXBuildFile; fileRef = B6FA1C4F2663E43F0086D237 /* AboutMeViewController.swift */; };
/* End PBXBuildFile section */

/* Begin PBXFileReference section */
		B64DEAF0265D7D6C00BA0E57 /* Log in.app */ = {isa = PBXFileReference; explicitFileType = wrapper.application; includeInIndex = 0; path = "Log in.app"; sourceTree = BUILT_PRODUCTS_DIR; };
		B64DEAF3265D7D6C00BA0E57 /* AppDelegate.swift */ = {isa = PBXFileReference; lastKnownFileType = sourcecode.swift; path = AppDelegate.swift; sourceTree = "<group>"; };
		B64DEAF5265D7D6C00BA0E57 /* SceneDelegate.swift */ = {isa = PBXFileReference; lastKnownFileType = sourcecode.swift; path = SceneDelegate.swift; sourceTree = "<group>"; };
		B64DEAF7265D7D6C00BA0E57 /* ViewController.swift */ = {isa = PBXFileReference; lastKnownFileType = sourcecode.swift; path = ViewController.swift; sourceTree = "<group>"; };
		B64DEAFA265D7D6C00BA0E57 /* Base */ = {isa = PBXFileReference; lastKnownFileType = file.storyboard; name = Base; path = Base.lproj/Main.storyboard; sourceTree = "<group>"; };
		B64DEAFC265D7D6D00BA0E57 /* Assets.xcassets */ = {isa = PBXFileReference; lastKnownFileType = folder.assetcatalog; path = Assets.xcassets; sourceTree = "<group>"; };
		B64DEAFF265D7D6D00BA0E57 /* Base */ = {isa = PBXFileReference; lastKnownFileType = file.storyboard; name = Base; path = Base.lproj/LaunchScreen.storyboard; sourceTree = "<group>"; };
		B64DEB01265D7D6D00BA0E57 /* Info.plist */ = {isa = PBXFileReference; lastKnownFileType = text.plist.xml; path = Info.plist; sourceTree = "<group>"; };
		B64DEB09265D852400BA0E57 /* LoggedInViewController.swift */ = {isa = PBXFileReference; lastKnownFileType = sourcecode.swift; path = LoggedInViewController.swift; sourceTree = "<group>"; };
		B6FA1C472663DB590086D237 /* ContactsViewController.swift */ = {isa = PBXFileReference; lastKnownFileType = sourcecode.swift; path = ContactsViewController.swift; sourceTree = "<group>"; };
		B6FA1C4B2663DBC10086D237 /* InterestsViewController.swift */ = {isa = PBXFileReference; lastKnownFileType = sourcecode.swift; path = InterestsViewController.swift; sourceTree = "<group>"; };
		B6FA1C4D2663DEFB0086D237 /* UserData.swift */ = {isa = PBXFileReference; lastKnownFileType = sourcecode.swift; path = UserData.swift; sourceTree = "<group>"; };
		B6FA1C4F2663E43F0086D237 /* AboutMeViewController.swift */ = {isa = PBXFileReference; lastKnownFileType = sourcecode.swift; path = AboutMeViewController.swift; sourceTree = "<group>"; };
/* End PBXFileReference section */

/* Begin PBXFrameworksBuildPhase section */
		B64DEAED265D7D6C00BA0E57 /* Frameworks */ = {
			isa = PBXFrameworksBuildPhase;
			buildActionMask = 2147483647;
			files = (
			);
			runOnlyForDeploymentPostprocessing = 0;
		};
/* End PBXFrameworksBuildPhase section */

/* Begin PBXGroup section */
		B64DEAE7265D7D6C00BA0E57 = {
			isa = PBXGroup;
			children = (
				B64DEAF2265D7D6C00BA0E57 /* Log in */,
				B64DEAF1265D7D6C00BA0E57 /* Products */,
			);
			sourceTree = "<group>";
		};
		B64DEAF1265D7D6C00BA0E57 /* Products */ = {
			isa = PBXGroup;
			children = (
				B64DEAF0265D7D6C00BA0E57 /* Log in.app */,
			);
			name = Products;
			sourceTree = "<group>";
		};
		B64DEAF2265D7D6C00BA0E57 /* Log in */ = {
			isa = PBXGroup;
			children = (
				B6FA1C422662FD3F0086D237 /* View Controllers */,
				B6FA1C432662FDE90086D237 /* Storyboards */,
				B6FA1C412662FD1C0086D237 /* Models */,
				B6FA1C442662FE2C0086D237 /* Supporting Files */,
				B64DEAF3265D7D6C00BA0E57 /* AppDelegate.swift */,
				B64DEAF5265D7D6C00BA0E57 /* SceneDelegate.swift */,
				B64DEB01265D7D6D00BA0E57 /* Info.plist */,
			);
			path = "Log in";
			sourceTree = "<group>";
		};
		B6FA1C412662FD1C0086D237 /* Models */ = {
			isa = PBXGroup;
			children = (
				B6FA1C4D2663DEFB0086D237 /* UserData.swift */,
			);
			path = Models;
			sourceTree = "<group>";
		};
		B6FA1C422662FD3F0086D237 /* View Controllers */ = {
			isa = PBXGroup;
			children = (
				B64DEAF7265D7D6C00BA0E57 /* ViewController.swift */,
				B64DEB09265D852400BA0E57 /* LoggedInViewController.swift */,
				B6FA1C472663DB590086D237 /* ContactsViewController.swift */,
				B6FA1C4F2663E43F0086D237 /* AboutMeViewController.swift */,
				B6FA1C4B2663DBC10086D237 /* InterestsViewController.swift */,
			);
			path = "View Controllers";
			sourceTree = "<group>";
		};
		B6FA1C432662FDE90086D237 /* Storyboards */ = {
			isa = PBXGroup;
			children = (
				B64DEAF9265D7D6C00BA0E57 /* Main.storyboard */,
				B64DEAFE265D7D6D00BA0E57 /* LaunchScreen.storyboard */,
			);
			path = Storyboards;
			sourceTree = "<group>";
		};
		B6FA1C442662FE2C0086D237 /* Supporting Files */ = {
			isa = PBXGroup;
			children = (
				B64DEAFC265D7D6D00BA0E57 /* Assets.xcassets */,
			);
			path = "Supporting Files";
			sourceTree = "<group>";
		};
/* End PBXGroup section */

/* Begin PBXNativeTarget section */
		B64DEAEF265D7D6C00BA0E57 /* Log in */ = {
			isa = PBXNativeTarget;
			buildConfigurationList = B64DEB04265D7D6D00BA0E57 /* Build configuration list for PBXNativeTarget "Log in" */;
			buildPhases = (
				B64DEAEC265D7D6C00BA0E57 /* Sources */,
				B64DEAED265D7D6C00BA0E57 /* Frameworks */,
				B64DEAEE265D7D6C00BA0E57 /* Resources */,
			);
			buildRules = (
			);
			dependencies = (
			);
			name = "Log in";
			productName = "Log in";
			productReference = B64DEAF0265D7D6C00BA0E57 /* Log in.app */;
			productType = "com.apple.product-type.application";
		};
/* End PBXNativeTarget section */

/* Begin PBXProject section */
		B64DEAE8265D7D6C00BA0E57 /* Project object */ = {
			isa = PBXProject;
			attributes = {
				LastSwiftUpdateCheck = 1250;
				LastUpgradeCheck = 1250;
				TargetAttributes = {
					B64DEAEF265D7D6C00BA0E57 = {
						CreatedOnToolsVersion = 12.5;
					};
				};
			};
			buildConfigurationList = B64DEAEB265D7D6C00BA0E57 /* Build configuration list for PBXProject "Log in" */;
			compatibilityVersion = "Xcode 9.3";
			developmentRegion = en;
			hasScannedForEncodings = 0;
			knownRegions = (
				en,
				Base,
			);
			mainGroup = B64DEAE7265D7D6C00BA0E57;
			productRefGroup = B64DEAF1265D7D6C00BA0E57 /* Products */;
			projectDirPath = "";
			projectRoot = "";
			targets = (
				B64DEAEF265D7D6C00BA0E57 /* Log in */,
			);
		};
/* End PBXProject section */

/* Begin PBXResourcesBuildPhase section */
		B64DEAEE265D7D6C00BA0E57 /* Resources */ = {
			isa = PBXResourcesBuildPhase;
			buildActionMask = 2147483647;
			files = (
				B64DEB00265D7D6D00BA0E57 /* LaunchScreen.storyboard in Resources */,
				B64DEAFD265D7D6D00BA0E57 /* Assets.xcassets in Resources */,
				B64DEAFB265D7D6C00BA0E57 /* Main.storyboard in Resources */,
			);
			runOnlyForDeploymentPostprocessing = 0;
		};
/* End PBXResourcesBuildPhase section */

/* Begin PBXSourcesBuildPhase section */
		B64DEAEC265D7D6C00BA0E57 /* Sources */ = {
			isa = PBXSourcesBuildPhase;
			buildActionMask = 2147483647;
			files = (
				B6FA1C4C2663DBC10086D237 /* InterestsViewController.swift in Sources */,
				B64DEAF8265D7D6C00BA0E57 /* ViewController.swift in Sources */,
				B6FA1C502663E43F0086D237 /* AboutMeViewController.swift in Sources */,
				B6FA1C4E2663DEFB0086D237 /* UserData.swift in Sources */,
				B64DEAF4265D7D6C00BA0E57 /* AppDelegate.swift in Sources */,
				B64DEAF6265D7D6C00BA0E57 /* SceneDelegate.swift in Sources */,
				B64DEB0A265D852400BA0E57 /* LoggedInViewController.swift in Sources */,
				B6FA1C482663DB590086D237 /* ContactsViewController.swift in Sources */,
			);
			runOnlyForDeploymentPostprocessing = 0;
		};
/* End PBXSourcesBuildPhase section */

/* Begin PBXVariantGroup section */
		B64DEAF9265D7D6C00BA0E57 /* Main.storyboard */ = {
			isa = PBXVariantGroup;
			children = (
				B64DEAFA265D7D6C00BA0E57 /* Base */,
			);
			name = Main.storyboard;
			sourceTree = "<group>";
		};
		B64DEAFE265D7D6D00BA0E57 /* LaunchScreen.storyboard */ = {
			isa = PBXVariantGroup;
			children = (
				B64DEAFF265D7D6D00BA0E57 /* Base */,
			);
			name = LaunchScreen.storyboard;
			sourceTree = "<group>";
		};
/* End PBXVariantGroup section */

/* Begin XCBuildConfiguration section */
		B64DEB02265D7D6D00BA0E57 /* Debug */ = {
			isa = XCBuildConfiguration;
			buildSettings = {
				ALWAYS_SEARCH_USER_PATHS = NO;
				CLANG_ANALYZER_NONNULL = YES;
				CLANG_ANALYZER_NUMBER_OBJECT_CONVERSION = YES_AGGRESSIVE;
				CLANG_CXX_LANGUAGE_STANDARD = "gnu++14";
				CLANG_CXX_LIBRARY = "libc++";
				CLANG_ENABLE_MODULES = YES;
				CLANG_ENABLE_OBJC_ARC = YES;
				CLANG_ENABLE_OBJC_WEAK = YES;
				CLANG_WARN_BLOCK_CAPTURE_AUTORELEASING = YES;
				CLANG_WARN_BOOL_CONVERSION = YES;
				CLANG_WARN_COMMA = YES;
				CLANG_WARN_CONSTANT_CONVERSION = YES;
				CLANG_WARN_DEPRECATED_OBJC_IMPLEMENTATIONS = YES;
				CLANG_WARN_DIRECT_OBJC_ISA_USAGE = YES_ERROR;
				CLANG_WARN_DOCUMENTATION_COMMENTS = YES;
				CLANG_WARN_EMPTY_BODY = YES;
				CLANG_WARN_ENUM_CONVERSION = YES;
				CLANG_WARN_INFINITE_RECURSION = YES;
				CLANG_WARN_INT_CONVERSION = YES;
				CLANG_WARN_NON_LITERAL_NULL_CONVERSION = YES;
				CLANG_WARN_OBJC_IMPLICIT_RETAIN_SELF = YES;
				CLANG_WARN_OBJC_LITERAL_CONVERSION = YES;
				CLANG_WARN_OBJC_ROOT_CLASS = YES_ERROR;
				CLANG_WARN_QUOTED_INCLUDE_IN_FRAMEWORK_HEADER = YES;
				CLANG_WARN_RANGE_LOOP_ANALYSIS = YES;
				CLANG_WARN_STRICT_PROTOTYPES = YES;
				CLANG_WARN_SUSPICIOUS_MOVE = YES;
				CLANG_WARN_UNGUARDED_AVAILABILITY = YES_AGGRESSIVE;
				CLANG_WARN_UNREACHABLE_CODE = YES;
				CLANG_WARN__DUPLICATE_METHOD_MATCH = YES;
				COPY_PHASE_STRIP = NO;
				DEBUG_INFORMATION_FORMAT = dwarf;
				ENABLE_STRICT_OBJC_MSGSEND = YES;
				ENABLE_TESTABILITY = YES;
				GCC_C_LANGUAGE_STANDARD = gnu11;
				GCC_DYNAMIC_NO_PIC = NO;
				GCC_NO_COMMON_BLOCKS = YES;
				GCC_OPTIMIZATION_LEVEL = 0;
				GCC_PREPROCESSOR_DEFINITIONS = (
					"DEBUG=1",
					"$(inherited)",
				);
				GCC_WARN_64_TO_32_BIT_CONVERSION = YES;
				GCC_WARN_ABOUT_RETURN_TYPE = YES_ERROR;
				GCC_WARN_UNDECLARED_SELECTOR = YES;
				GCC_WARN_UNINITIALIZED_AUTOS = YES_AGGRESSIVE;
				GCC_WARN_UNUSED_FUNCTION = YES;
				GCC_WARN_UNUSED_VARIABLE = YES;
				IPHONEOS_DEPLOYMENT_TARGET = 14.5;
				MTL_ENABLE_DEBUG_INFO = INCLUDE_SOURCE;
				MTL_FAST_MATH = YES;
				ONLY_ACTIVE_ARCH = YES;
				SDKROOT = iphoneos;
				SWIFT_ACTIVE_COMPILATION_CONDITIONS = DEBUG;
				SWIFT_OPTIMIZATION_LEVEL = "-Onone";
			};
			name = Debug;
		};
		B64DEB03265D7D6D00BA0E57 /* Release */ = {
			isa = XCBuildConfiguration;
			buildSettings = {
				ALWAYS_SEARCH_USER_PATHS = NO;
				CLANG_ANALYZER_NONNULL = YES;
				CLANG_ANALYZER_NUMBER_OBJECT_CONVERSION = YES_AGGRESSIVE;
				CLANG_CXX_LANGUAGE_STANDARD = "gnu++14";
				CLANG_CXX_LIBRARY = "libc++";
				CLANG_ENABLE_MODULES = YES;
				CLANG_ENABLE_OBJC_ARC = YES;
				CLANG_ENABLE_OBJC_WEAK = YES;
				CLANG_WARN_BLOCK_CAPTURE_AUTORELEASING = YES;
				CLANG_WARN_BOOL_CONVERSION = YES;
				CLANG_WARN_COMMA = YES;
				CLANG_WARN_CONSTANT_CONVERSION = YES;
				CLANG_WARN_DEPRECATED_OBJC_IMPLEMENTATIONS = YES;
				CLANG_WARN_DIRECT_OBJC_ISA_USAGE = YES_ERROR;
				CLANG_WARN_DOCUMENTATION_COMMENTS = YES;
				CLANG_WARN_EMPTY_BODY = YES;
				CLANG_WARN_ENUM_CONVERSION = YES;
				CLANG_WARN_INFINITE_RECURSION = YES;
				CLANG_WARN_INT_CONVERSION = YES;
				CLANG_WARN_NON_LITERAL_NULL_CONVERSION = YES;
				CLANG_WARN_OBJC_IMPLICIT_RETAIN_SELF = YES;
				CLANG_WARN_OBJC_LITERAL_CONVERSION = YES;
				CLANG_WARN_OBJC_ROOT_CLASS = YES_ERROR;
				CLANG_WARN_QUOTED_INCLUDE_IN_FRAMEWORK_HEADER = YES;
				CLANG_WARN_RANGE_LOOP_ANALYSIS = YES;
				CLANG_WARN_STRICT_PROTOTYPES = YES;
				CLANG_WARN_SUSPICIOUS_MOVE = YES;
				CLANG_WARN_UNGUARDED_AVAILABILITY = YES_AGGRESSIVE;
				CLANG_WARN_UNREACHABLE_CODE = YES;
				CLANG_WARN__DUPLICATE_METHOD_MATCH = YES;
				COPY_PHASE_STRIP = NO;
				DEBUG_INFORMATION_FORMAT = "dwarf-with-dsym";
				ENABLE_NS_ASSERTIONS = NO;
				ENABLE_STRICT_OBJC_MSGSEND = YES;
				GCC_C_LANGUAGE_STANDARD = gnu11;
				GCC_NO_COMMON_BLOCKS = YES;
				GCC_WARN_64_TO_32_BIT_CONVERSION = YES;
				GCC_WARN_ABOUT_RETURN_TYPE = YES_ERROR;
				GCC_WARN_UNDECLARED_SELECTOR = YES;
				GCC_WARN_UNINITIALIZED_AUTOS = YES_AGGRESSIVE;
				GCC_WARN_UNUSED_FUNCTION = YES;
				GCC_WARN_UNUSED_VARIABLE = YES;
				IPHONEOS_DEPLOYMENT_TARGET = 14.5;
				MTL_ENABLE_DEBUG_INFO = NO;
				MTL_FAST_MATH = YES;
				SDKROOT = iphoneos;
				SWIFT_COMPILATION_MODE = wholemodule;
				SWIFT_OPTIMIZATION_LEVEL = "-O";
				VALIDATE_PRODUCT = YES;
			};
			name = Release;
		};
		B64DEB05265D7D6D00BA0E57 /* Debug */ = {
			isa = XCBuildConfiguration;
			buildSettings = {
				ASSETCATALOG_COMPILER_APPICON_NAME = AppIcon;
				ASSETCATALOG_COMPILER_GLOBAL_ACCENT_COLOR_NAME = AccentColor;
				CODE_SIGN_STYLE = Automatic;
				DEVELOPMENT_TEAM = 597R77T78X;
				INFOPLIST_FILE = "Log in/Info.plist";
				LD_RUNPATH_SEARCH_PATHS = (
					"$(inherited)",
					"@executable_path/Frameworks",
				);
				PRODUCT_BUNDLE_IDENTIFIER = "org.iVlad.Log-in";
				PRODUCT_NAME = "$(TARGET_NAME)";
				SWIFT_VERSION = 5.0;
				TARGETED_DEVICE_FAMILY = "1,2";
			};
			name = Debug;
		};
		B64DEB06265D7D6D00BA0E57 /* Release */ = {
			isa = XCBuildConfiguration;
			buildSettings = {
				ASSETCATALOG_COMPILER_APPICON_NAME = AppIcon;
				ASSETCATALOG_COMPILER_GLOBAL_ACCENT_COLOR_NAME = AccentColor;
				CODE_SIGN_STYLE = Automatic;
				DEVELOPMENT_TEAM = 597R77T78X;
				INFOPLIST_FILE = "Log in/Info.plist";
				LD_RUNPATH_SEARCH_PATHS = (
					"$(inherited)",
					"@executable_path/Frameworks",
				);
				PRODUCT_BUNDLE_IDENTIFIER = "org.iVlad.Log-in";
				PRODUCT_NAME = "$(TARGET_NAME)";
				SWIFT_VERSION = 5.0;
				TARGETED_DEVICE_FAMILY = "1,2";
			};
			name = Release;
		};
/* End XCBuildConfiguration section */

/* Begin XCConfigurationList section */
		B64DEAEB265D7D6C00BA0E57 /* Build configuration list for PBXProject "Log in" */ = {
			isa = XCConfigurationList;
			buildConfigurations = (
				B64DEB02265D7D6D00BA0E57 /* Debug */,
				B64DEB03265D7D6D00BA0E57 /* Release */,
			);
			defaultConfigurationIsVisible = 0;
			defaultConfigurationName = Release;
		};
		B64DEB04265D7D6D00BA0E57 /* Build configuration list for PBXNativeTarget "Log in" */ = {
			isa = XCConfigurationList;
			buildConfigurations = (
				B64DEB05265D7D6D00BA0E57 /* Debug */,
				B64DEB06265D7D6D00BA0E57 /* Release */,
			);
			defaultConfigurationIsVisible = 0;
			defaultConfigurationName = Release;
		};
/* End XCConfigurationList section */
	};
	rootObject = B64DEAE8265D7D6C00BA0E57 /* Project object */;
}
